// !$*UTF8*$!
{
	archiveVersion = 1;
	classes = {
	};
	objectVersion = 50;
	objects = {

/* Begin PBXBuildFile section */
		72A5EE965FB35D333287B175 /* Pods_MyPlaces.framework in Frameworks */ = {isa = PBXBuildFile; fileRef = C78EB507E39394F5719689B7 /* Pods_MyPlaces.framework */; };
		8405023A24C04DC000AC5816 /* AppDelegate.swift in Sources */ = {isa = PBXBuildFile; fileRef = 8405023924C04DC000AC5816 /* AppDelegate.swift */; };
		8405023C24C04DC000AC5816 /* SceneDelegate.swift in Sources */ = {isa = PBXBuildFile; fileRef = 8405023B24C04DC000AC5816 /* SceneDelegate.swift */; };
		8405024124C04DC000AC5816 /* Main.storyboard in Resources */ = {isa = PBXBuildFile; fileRef = 8405023F24C04DC000AC5816 /* Main.storyboard */; };
		8405024324C04DC100AC5816 /* Assets.xcassets in Resources */ = {isa = PBXBuildFile; fileRef = 8405024224C04DC100AC5816 /* Assets.xcassets */; };
		8405024624C04DC100AC5816 /* LaunchScreen.storyboard in Resources */ = {isa = PBXBuildFile; fileRef = 8405024424C04DC100AC5816 /* LaunchScreen.storyboard */; };
		8405024E24C056CD00AC5816 /* MainViewController.swift in Sources */ = {isa = PBXBuildFile; fileRef = 8405024D24C056CD00AC5816 /* MainViewController.swift */; };
		848B899024C0F644003BFF72 /* NewPlaceViewController.swift in Sources */ = {isa = PBXBuildFile; fileRef = 848B898F24C0F644003BFF72 /* NewPlaceViewController.swift */; };
		84A9587324C0DC59001C2FB6 /* CustomTableViewCell.swift in Sources */ = {isa = PBXBuildFile; fileRef = 84A9587224C0DC59001C2FB6 /* CustomTableViewCell.swift */; };
		84A9587524C0E211001C2FB6 /* PlaceModel.swift in Sources */ = {isa = PBXBuildFile; fileRef = 84A9587424C0E211001C2FB6 /* PlaceModel.swift */; };
/* End PBXBuildFile section */

/* Begin PBXFileReference section */
		11CAE6E3D2C6880D8956B15A /* Pods-MyPlaces.release.xcconfig */ = {isa = PBXFileReference; includeInIndex = 1; lastKnownFileType = text.xcconfig; name = "Pods-MyPlaces.release.xcconfig"; path = "Target Support Files/Pods-MyPlaces/Pods-MyPlaces.release.xcconfig"; sourceTree = "<group>"; };
		8405023624C04DC000AC5816 /* MyPlaces.app */ = {isa = PBXFileReference; explicitFileType = wrapper.application; includeInIndex = 0; path = MyPlaces.app; sourceTree = BUILT_PRODUCTS_DIR; };
		8405023924C04DC000AC5816 /* AppDelegate.swift */ = {isa = PBXFileReference; lastKnownFileType = sourcecode.swift; path = AppDelegate.swift; sourceTree = "<group>"; };
		8405023B24C04DC000AC5816 /* SceneDelegate.swift */ = {isa = PBXFileReference; lastKnownFileType = sourcecode.swift; path = SceneDelegate.swift; sourceTree = "<group>"; };
		8405024024C04DC000AC5816 /* Base */ = {isa = PBXFileReference; lastKnownFileType = file.storyboard; name = Base; path = Base.lproj/Main.storyboard; sourceTree = "<group>"; };
		8405024224C04DC100AC5816 /* Assets.xcassets */ = {isa = PBXFileReference; lastKnownFileType = folder.assetcatalog; path = Assets.xcassets; sourceTree = "<group>"; };
		8405024524C04DC100AC5816 /* Base */ = {isa = PBXFileReference; lastKnownFileType = file.storyboard; name = Base; path = Base.lproj/LaunchScreen.storyboard; sourceTree = "<group>"; };
		8405024724C04DC100AC5816 /* Info.plist */ = {isa = PBXFileReference; lastKnownFileType = text.plist.xml; path = Info.plist; sourceTree = "<group>"; };
		8405024D24C056CD00AC5816 /* MainViewController.swift */ = {isa = PBXFileReference; lastKnownFileType = sourcecode.swift; path = MainViewController.swift; sourceTree = "<group>"; };
		848B898F24C0F644003BFF72 /* NewPlaceViewController.swift */ = {isa = PBXFileReference; lastKnownFileType = sourcecode.swift; path = NewPlaceViewController.swift; sourceTree = "<group>"; };
		84A9587224C0DC59001C2FB6 /* CustomTableViewCell.swift */ = {isa = PBXFileReference; lastKnownFileType = sourcecode.swift; path = CustomTableViewCell.swift; sourceTree = "<group>"; };
		84A9587424C0E211001C2FB6 /* PlaceModel.swift */ = {isa = PBXFileReference; lastKnownFileType = sourcecode.swift; path = PlaceModel.swift; sourceTree = "<group>"; };
		C78EB507E39394F5719689B7 /* Pods_MyPlaces.framework */ = {isa = PBXFileReference; explicitFileType = wrapper.framework; includeInIndex = 0; path = Pods_MyPlaces.framework; sourceTree = BUILT_PRODUCTS_DIR; };
		FF346FFC014B7CBCB234BF1B /* Pods-MyPlaces.debug.xcconfig */ = {isa = PBXFileReference; includeInIndex = 1; lastKnownFileType = text.xcconfig; name = "Pods-MyPlaces.debug.xcconfig"; path = "Target Support Files/Pods-MyPlaces/Pods-MyPlaces.debug.xcconfig"; sourceTree = "<group>"; };
/* End PBXFileReference section */

/* Begin PBXFrameworksBuildPhase section */
		8405023324C04DC000AC5816 /* Frameworks */ = {
			isa = PBXFrameworksBuildPhase;
			buildActionMask = 2147483647;
			files = (
				72A5EE965FB35D333287B175 /* Pods_MyPlaces.framework in Frameworks */,
			);
			runOnlyForDeploymentPostprocessing = 0;
		};
/* End PBXFrameworksBuildPhase section */

/* Begin PBXGroup section */
		7A75A4D6F9065196F6E7C53F /* Frameworks */ = {
			isa = PBXGroup;
			children = (
				C78EB507E39394F5719689B7 /* Pods_MyPlaces.framework */,
			);
			name = Frameworks;
			sourceTree = "<group>";
		};
		8405022D24C04DC000AC5816 = {
			isa = PBXGroup;
			children = (
				8405023824C04DC000AC5816 /* MyPlaces */,
				8405023724C04DC000AC5816 /* Products */,
				CD57B8CBDDA41AC4395DCECF /* Pods */,
				7A75A4D6F9065196F6E7C53F /* Frameworks */,
			);
			sourceTree = "<group>";
		};
		8405023724C04DC000AC5816 /* Products */ = {
			isa = PBXGroup;
			children = (
				8405023624C04DC000AC5816 /* MyPlaces.app */,
			);
			name = Products;
			sourceTree = "<group>";
		};
		8405023824C04DC000AC5816 /* MyPlaces */ = {
			isa = PBXGroup;
			children = (
				8405023924C04DC000AC5816 /* AppDelegate.swift */,
				8405023B24C04DC000AC5816 /* SceneDelegate.swift */,
				8405024D24C056CD00AC5816 /* MainViewController.swift */,
				848B898F24C0F644003BFF72 /* NewPlaceViewController.swift */,
				84A9587424C0E211001C2FB6 /* PlaceModel.swift */,
				84A9587224C0DC59001C2FB6 /* CustomTableViewCell.swift */,
				8405023F24C04DC000AC5816 /* Main.storyboard */,
				8405024224C04DC100AC5816 /* Assets.xcassets */,
				8405024424C04DC100AC5816 /* LaunchScreen.storyboard */,
				8405024724C04DC100AC5816 /* Info.plist */,
			);
			path = MyPlaces;
			sourceTree = "<group>";
		};
		CD57B8CBDDA41AC4395DCECF /* Pods */ = {
			isa = PBXGroup;
			children = (
				FF346FFC014B7CBCB234BF1B /* Pods-MyPlaces.debug.xcconfig */,
				11CAE6E3D2C6880D8956B15A /* Pods-MyPlaces.release.xcconfig */,
			);
			name = Pods;
			path = Pods;
			sourceTree = "<group>";
		};
/* End PBXGroup section */

/* Begin PBXNativeTarget section */
		8405023524C04DC000AC5816 /* MyPlaces */ = {
			isa = PBXNativeTarget;
			buildConfigurationList = 8405024A24C04DC100AC5816 /* Build configuration list for PBXNativeTarget "MyPlaces" */;
			buildPhases = (
				6F1FA1AC365FDD766B9610C5 /* [CP] Check Pods Manifest.lock */,
				8405023224C04DC000AC5816 /* Sources */,
				8405023324C04DC000AC5816 /* Frameworks */,
				8405023424C04DC000AC5816 /* Resources */,
				2836B7863AA22F213306D6BC /* [CP] Embed Pods Frameworks */,
			);
			buildRules = (
			);
			dependencies = (
			);
			name = MyPlaces;
			productName = MyPlaces;
			productReference = 8405023624C04DC000AC5816 /* MyPlaces.app */;
			productType = "com.apple.product-type.application";
		};
/* End PBXNativeTarget section */

/* Begin PBXProject section */
		8405022E24C04DC000AC5816 /* Project object */ = {
			isa = PBXProject;
			attributes = {
				LastSwiftUpdateCheck = 1150;
				LastUpgradeCheck = 1150;
				ORGANIZATIONNAME = "Ilnur Mugaev";
				TargetAttributes = {
					8405023524C04DC000AC5816 = {
						CreatedOnToolsVersion = 11.5;
					};
				};
			};
			buildConfigurationList = 8405023124C04DC000AC5816 /* Build configuration list for PBXProject "MyPlaces" */;
			compatibilityVersion = "Xcode 9.3";
			developmentRegion = en;
			hasScannedForEncodings = 0;
			knownRegions = (
				en,
				Base,
			);
			mainGroup = 8405022D24C04DC000AC5816;
			productRefGroup = 8405023724C04DC000AC5816 /* Products */;
			projectDirPath = "";
			projectRoot = "";
			targets = (
				8405023524C04DC000AC5816 /* MyPlaces */,
			);
		};
/* End PBXProject section */

/* Begin PBXResourcesBuildPhase section */
		8405023424C04DC000AC5816 /* Resources */ = {
			isa = PBXResourcesBuildPhase;
			buildActionMask = 2147483647;
			files = (
				8405024624C04DC100AC5816 /* LaunchScreen.storyboard in Resources */,
				8405024324C04DC100AC5816 /* Assets.xcassets in Resources */,
				8405024124C04DC000AC5816 /* Main.storyboard in Resources */,
			);
			runOnlyForDeploymentPostprocessing = 0;
		};
/* End PBXResourcesBuildPhase section */

/* Begin PBXShellScriptBuildPhase section */
		2836B7863AA22F213306D6BC /* [CP] Embed Pods Frameworks */ = {
			isa = PBXShellScriptBuildPhase;
			buildActionMask = 2147483647;
			files = (
			);
			inputFileListPaths = (
				"${PODS_ROOT}/Target Support Files/Pods-MyPlaces/Pods-MyPlaces-frameworks-${CONFIGURATION}-input-files.xcfilelist",
			);
			name = "[CP] Embed Pods Frameworks";
			outputFileListPaths = (
				"${PODS_ROOT}/Target Support Files/Pods-MyPlaces/Pods-MyPlaces-frameworks-${CONFIGURATION}-output-files.xcfilelist",
			);
			runOnlyForDeploymentPostprocessing = 0;
			shellPath = /bin/sh;
			shellScript = "\"${PODS_ROOT}/Target Support Files/Pods-MyPlaces/Pods-MyPlaces-frameworks.sh\"\n";
			showEnvVarsInLog = 0;
		};
		6F1FA1AC365FDD766B9610C5 /* [CP] Check Pods Manifest.lock */ = {
			isa = PBXShellScriptBuildPhase;
			buildActionMask = 2147483647;
			files = (
			);
			inputFileListPaths = (
			);
			inputPaths = (
				"${PODS_PODFILE_DIR_PATH}/Podfile.lock",
				"${PODS_ROOT}/Manifest.lock",
			);
			name = "[CP] Check Pods Manifest.lock";
			outputFileListPaths = (
			);
			outputPaths = (
				"$(DERIVED_FILE_DIR)/Pods-MyPlaces-checkManifestLockResult.txt",
			);
			runOnlyForDeploymentPostprocessing = 0;
			shellPath = /bin/sh;
			shellScript = "diff \"${PODS_PODFILE_DIR_PATH}/Podfile.lock\" \"${PODS_ROOT}/Manifest.lock\" > /dev/null\nif [ $? != 0 ] ; then\n    # print error to STDERR\n    echo \"error: The sandbox is not in sync with the Podfile.lock. Run 'pod install' or update your CocoaPods installation.\" >&2\n    exit 1\nfi\n# This output is used by Xcode 'outputs' to avoid re-running this script phase.\necho \"SUCCESS\" > \"${SCRIPT_OUTPUT_FILE_0}\"\n";
			showEnvVarsInLog = 0;
		};
/* End PBXShellScriptBuildPhase section */

/* Begin PBXSourcesBuildPhase section */
		8405023224C04DC000AC5816 /* Sources */ = {
			isa = PBXSourcesBuildPhase;
			buildActionMask = 2147483647;
			files = (
				8405024E24C056CD00AC5816 /* MainViewController.swift in Sources */,
				848B899024C0F644003BFF72 /* NewPlaceViewController.swift in Sources */,
				8405023A24C04DC000AC5816 /* AppDelegate.swift in Sources */,
				84A9587524C0E211001C2FB6 /* PlaceModel.swift in Sources */,
				84A9587324C0DC59001C2FB6 /* CustomTableViewCell.swift in Sources */,
				8405023C24C04DC000AC5816 /* SceneDelegate.swift in Sources */,
			);
			runOnlyForDeploymentPostprocessing = 0;
		};
/* End PBXSourcesBuildPhase section */

/* Begin PBXVariantGroup section */
		8405023F24C04DC000AC5816 /* Main.storyboard */ = {
			isa = PBXVariantGroup;
			children = (
				8405024024C04DC000AC5816 /* Base */,
			);
			name = Main.storyboard;
			sourceTree = "<group>";
		};
		8405024424C04DC100AC5816 /* LaunchScreen.storyboard */ = {
			isa = PBXVariantGroup;
			children = (
				8405024524C04DC100AC5816 /* Base */,
			);
			name = LaunchScreen.storyboard;
			sourceTree = "<group>";
		};
/* End PBXVariantGroup section */

/* Begin XCBuildConfiguration section */
		8405024824C04DC100AC5816 /* Debug */ = {
			isa = XCBuildConfiguration;
			buildSettings = {
				ALWAYS_SEARCH_USER_PATHS = NO;
				CLANG_ANALYZER_NONNULL = YES;
				CLANG_ANALYZER_NUMBER_OBJECT_CONVERSION = YES_AGGRESSIVE;
				CLANG_CXX_LANGUAGE_STANDARD = "gnu++14";
				CLANG_CXX_LIBRARY = "libc++";
				CLANG_ENABLE_MODULES = YES;
				CLANG_ENABLE_OBJC_ARC = YES;
				CLANG_ENABLE_OBJC_WEAK = YES;
				CLANG_WARN_BLOCK_CAPTURE_AUTORELEASING = YES;
				CLANG_WARN_BOOL_CONVERSION = YES;
				CLANG_WARN_COMMA = YES;
				CLANG_WARN_CONSTANT_CONVERSION = YES;
				CLANG_WARN_DEPRECATED_OBJC_IMPLEMENTATIONS = YES;
				CLANG_WARN_DIRECT_OBJC_ISA_USAGE = YES_ERROR;
				CLANG_WARN_DOCUMENTATION_COMMENTS = YES;
				CLANG_WARN_EMPTY_BODY = YES;
				CLANG_WARN_ENUM_CONVERSION = YES;
				CLANG_WARN_INFINITE_RECURSION = YES;
				CLANG_WARN_INT_CONVERSION = YES;
				CLANG_WARN_NON_LITERAL_NULL_CONVERSION = YES;
				CLANG_WARN_OBJC_IMPLICIT_RETAIN_SELF = YES;
				CLANG_WARN_OBJC_LITERAL_CONVERSION = YES;
				CLANG_WARN_OBJC_ROOT_CLASS = YES_ERROR;
				CLANG_WARN_RANGE_LOOP_ANALYSIS = YES;
				CLANG_WARN_STRICT_PROTOTYPES = YES;
				CLANG_WARN_SUSPICIOUS_MOVE = YES;
				CLANG_WARN_UNGUARDED_AVAILABILITY = YES_AGGRESSIVE;
				CLANG_WARN_UNREACHABLE_CODE = YES;
				CLANG_WARN__DUPLICATE_METHOD_MATCH = YES;
				COPY_PHASE_STRIP = NO;
				DEBUG_INFORMATION_FORMAT = dwarf;
				ENABLE_STRICT_OBJC_MSGSEND = YES;
				ENABLE_TESTABILITY = YES;
				GCC_C_LANGUAGE_STANDARD = gnu11;
				GCC_DYNAMIC_NO_PIC = NO;
				GCC_NO_COMMON_BLOCKS = YES;
				GCC_OPTIMIZATION_LEVEL = 0;
				GCC_PREPROCESSOR_DEFINITIONS = (
					"DEBUG=1",
					"$(inherited)",
				);
				GCC_WARN_64_TO_32_BIT_CONVERSION = YES;
				GCC_WARN_ABOUT_RETURN_TYPE = YES_ERROR;
				GCC_WARN_UNDECLARED_SELECTOR = YES;
				GCC_WARN_UNINITIALIZED_AUTOS = YES_AGGRESSIVE;
				GCC_WARN_UNUSED_FUNCTION = YES;
				GCC_WARN_UNUSED_VARIABLE = YES;
				IPHONEOS_DEPLOYMENT_TARGET = 13.5;
				MTL_ENABLE_DEBUG_INFO = INCLUDE_SOURCE;
				MTL_FAST_MATH = YES;
				ONLY_ACTIVE_ARCH = YES;
				SDKROOT = iphoneos;
				SWIFT_ACTIVE_COMPILATION_CONDITIONS = DEBUG;
				SWIFT_OPTIMIZATION_LEVEL = "-Onone";
			};
			name = Debug;
		};
		8405024924C04DC100AC5816 /* Release */ = {
			isa = XCBuildConfiguration;
			buildSettings = {
				ALWAYS_SEARCH_USER_PATHS = NO;
				CLANG_ANALYZER_NONNULL = YES;
				CLANG_ANALYZER_NUMBER_OBJECT_CONVERSION = YES_AGGRESSIVE;
				CLANG_CXX_LANGUAGE_STANDARD = "gnu++14";
				CLANG_CXX_LIBRARY = "libc++";
				CLANG_ENABLE_MODULES = YES;
				CLANG_ENABLE_OBJC_ARC = YES;
				CLANG_ENABLE_OBJC_WEAK = YES;
				CLANG_WARN_BLOCK_CAPTURE_AUTORELEASING = YES;
				CLANG_WARN_BOOL_CONVERSION = YES;
				CLANG_WARN_COMMA = YES;
				CLANG_WARN_CONSTANT_CONVERSION = YES;
				CLANG_WARN_DEPRECATED_OBJC_IMPLEMENTATIONS = YES;
				CLANG_WARN_DIRECT_OBJC_ISA_USAGE = YES_ERROR;
				CLANG_WARN_DOCUMENTATION_COMMENTS = YES;
				CLANG_WARN_EMPTY_BODY = YES;
				CLANG_WARN_ENUM_CONVERSION = YES;
				CLANG_WARN_INFINITE_RECURSION = YES;
				CLANG_WARN_INT_CONVERSION = YES;
				CLANG_WARN_NON_LITERAL_NULL_CONVERSION = YES;
				CLANG_WARN_OBJC_IMPLICIT_RETAIN_SELF = YES;
				CLANG_WARN_OBJC_LITERAL_CONVERSION = YES;
				CLANG_WARN_OBJC_ROOT_CLASS = YES_ERROR;
				CLANG_WARN_RANGE_LOOP_ANALYSIS = YES;
				CLANG_WARN_STRICT_PROTOTYPES = YES;
				CLANG_WARN_SUSPICIOUS_MOVE = YES;
				CLANG_WARN_UNGUARDED_AVAILABILITY = YES_AGGRESSIVE;
				CLANG_WARN_UNREACHABLE_CODE = YES;
				CLANG_WARN__DUPLICATE_METHOD_MATCH = YES;
				COPY_PHASE_STRIP = NO;
				DEBUG_INFORMATION_FORMAT = "dwarf-with-dsym";
				ENABLE_NS_ASSERTIONS = NO;
				ENABLE_STRICT_OBJC_MSGSEND = YES;
				GCC_C_LANGUAGE_STANDARD = gnu11;
				GCC_NO_COMMON_BLOCKS = YES;
				GCC_WARN_64_TO_32_BIT_CONVERSION = YES;
				GCC_WARN_ABOUT_RETURN_TYPE = YES_ERROR;
				GCC_WARN_UNDECLARED_SELECTOR = YES;
				GCC_WARN_UNINITIALIZED_AUTOS = YES_AGGRESSIVE;
				GCC_WARN_UNUSED_FUNCTION = YES;
				GCC_WARN_UNUSED_VARIABLE = YES;
				IPHONEOS_DEPLOYMENT_TARGET = 13.5;
				MTL_ENABLE_DEBUG_INFO = NO;
				MTL_FAST_MATH = YES;
				SDKROOT = iphoneos;
				SWIFT_COMPILATION_MODE = wholemodule;
				SWIFT_OPTIMIZATION_LEVEL = "-O";
				VALIDATE_PRODUCT = YES;
			};
			name = Release;
		};
		8405024B24C04DC100AC5816 /* Debug */ = {
			isa = XCBuildConfiguration;
			baseConfigurationReference = FF346FFC014B7CBCB234BF1B /* Pods-MyPlaces.debug.xcconfig */;
			buildSettings = {
				ASSETCATALOG_COMPILER_APPICON_NAME = AppIcon;
				CODE_SIGN_STYLE = Automatic;
				DEVELOPMENT_TEAM = 45HC849D5Z;
				INFOPLIST_FILE = MyPlaces/Info.plist;
				LD_RUNPATH_SEARCH_PATHS = (
					"$(inherited)",
					"@executable_path/Frameworks",
				);
				PRODUCT_BUNDLE_IDENTIFIER = ru.mugaev.MyPlaces;
				PRODUCT_NAME = "$(TARGET_NAME)";
				SWIFT_VERSION = 5.0;
				TARGETED_DEVICE_FAMILY = "1,2";
			};
			name = Debug;
		};
		8405024C24C04DC100AC5816 /* Release */ = {
			isa = XCBuildConfiguration;
			baseConfigurationReference = 11CAE6E3D2C6880D8956B15A /* Pods-MyPlaces.release.xcconfig */;
			buildSettings = {
				ASSETCATALOG_COMPILER_APPICON_NAME = AppIcon;
				CODE_SIGN_STYLE = Automatic;
				DEVELOPMENT_TEAM = 45HC849D5Z;
				INFOPLIST_FILE = MyPlaces/Info.plist;
				LD_RUNPATH_SEARCH_PATHS = (
					"$(inherited)",
					"@executable_path/Frameworks",
				);
				PRODUCT_BUNDLE_IDENTIFIER = ru.mugaev.MyPlaces;
				PRODUCT_NAME = "$(TARGET_NAME)";
				SWIFT_VERSION = 5.0;
				TARGETED_DEVICE_FAMILY = "1,2";
			};
			name = Release;
		};
/* End XCBuildConfiguration section */

/* Begin XCConfigurationList section */
		8405023124C04DC000AC5816 /* Build configuration list for PBXProject "MyPlaces" */ = {
			isa = XCConfigurationList;
			buildConfigurations = (
				8405024824C04DC100AC5816 /* Debug */,
				8405024924C04DC100AC5816 /* Release */,
			);
			defaultConfigurationIsVisible = 0;
			defaultConfigurationName = Release;
		};
		8405024A24C04DC100AC5816 /* Build configuration list for PBXNativeTarget "MyPlaces" */ = {
			isa = XCConfigurationList;
			buildConfigurations = (
				8405024B24C04DC100AC5816 /* Debug */,
				8405024C24C04DC100AC5816 /* Release */,
			);
			defaultConfigurationIsVisible = 0;
			defaultConfigurationName = Release;
		};
/* End XCConfigurationList section */
	};
	rootObject = 8405022E24C04DC000AC5816 /* Project object */;
}
